
Microsoft Visual Studio Solution File, Format Version 12.00
# Visual Studio Version 17
VisualStudioVersion = 17.4.33122.133
MinimumVisualStudioVersion = 10.0.40219.1
Project("{FAE04EC0-301F-11D3-BF4B-00C04F79EFBC}") = "eviwork", "eviwork\eviwork.csproj", "{2430D6C8-9118-48B2-9764-B8C3E392D43D}"
EndProject
Global
	GlobalSection(SolutionConfigurationPlatforms) = preSolution
		Debug|Any CPU = Debug|Any CPU
		Release|Any CPU = Release|Any CPU
	EndGlobalSection
	GlobalSection(ProjectConfigurationPlatforms) = postSolution
		{2430D6C8-9118-48B2-9764-B8C3E392D43D}.Debug|Any CPU.ActiveCfg = Debug|Any CPU
		{2430D6C8-9118-48B2-9764-B8C3E392D43D}.Debug|Any CPU.Build.0 = Debug|Any CPU
		{2430D6C8-9118-48B2-9764-B8C3E392D43D}.Release|Any CPU.ActiveCfg = Release|Any CPU
		{2430D6C8-9118-48B2-9764-B8C3E392D43D}.Release|Any CPU.Build.0 = Release|Any CPU
	EndGlobalSection
	GlobalSection(SolutionProperties) = preSolution
		HideSolutionNode = FALSE
	EndGlobalSection
	GlobalSection(ExtensibilityGlobals) = postSolution
		SolutionGuid = {F459CB58-3BE4-4DC4-A171-ED59DEC0DB5A}
	EndGlobalSection
EndGlobal
